// !$*UTF8*$!
{
	archiveVersion = 1;
	classes = {
	};
	objectVersion = 50;
	objects = {

/* Begin PBXBuildFile section */
		650DD94321AC8F0900AEBDD7 /* AppDelegate.swift in Sources */ = {isa = PBXBuildFile; fileRef = 650DD94221AC8F0900AEBDD7 /* AppDelegate.swift */; };
		650DD94521AC8F0900AEBDD7 /* ViewController.swift in Sources */ = {isa = PBXBuildFile; fileRef = 650DD94421AC8F0900AEBDD7 /* ViewController.swift */; };
		650DD94821AC8F0900AEBDD7 /* Main.storyboard in Resources */ = {isa = PBXBuildFile; fileRef = 650DD94621AC8F0900AEBDD7 /* Main.storyboard */; };
		650DD94A21AC8F0A00AEBDD7 /* Assets.xcassets in Resources */ = {isa = PBXBuildFile; fileRef = 650DD94921AC8F0A00AEBDD7 /* Assets.xcassets */; };
		650DD94D21AC8F0A00AEBDD7 /* LaunchScreen.storyboard in Resources */ = {isa = PBXBuildFile; fileRef = 650DD94B21AC8F0A00AEBDD7 /* LaunchScreen.storyboard */; };
/* End PBXBuildFile section */

/* Begin PBXFileReference section */
		650DD93F21AC8F0900AEBDD7 /* walkMedfordiOS.app */ = {isa = PBXFileReference; explicitFileType = wrapper.application; includeInIndex = 0; path = walkMedfordiOS.app; sourceTree = BUILT_PRODUCTS_DIR; };
		650DD94221AC8F0900AEBDD7 /* AppDelegate.swift */ = {isa = PBXFileReference; lastKnownFileType = sourcecode.swift; path = AppDelegate.swift; sourceTree = "<group>"; };
		650DD94421AC8F0900AEBDD7 /* ViewController.swift */ = {isa = PBXFileReference; lastKnownFileType = sourcecode.swift; path = ViewController.swift; sourceTree = "<group>"; };
		650DD94721AC8F0900AEBDD7 /* Base */ = {isa = PBXFileReference; lastKnownFileType = file.storyboard; name = Base; path = Base.lproj/Main.storyboard; sourceTree = "<group>"; };
		650DD94921AC8F0A00AEBDD7 /* Assets.xcassets */ = {isa = PBXFileReference; lastKnownFileType = folder.assetcatalog; path = Assets.xcassets; sourceTree = "<group>"; };
		650DD94C21AC8F0A00AEBDD7 /* Base */ = {isa = PBXFileReference; lastKnownFileType = file.storyboard; name = Base; path = Base.lproj/LaunchScreen.storyboard; sourceTree = "<group>"; };
		650DD94E21AC8F0A00AEBDD7 /* Info.plist */ = {isa = PBXFileReference; lastKnownFileType = text.plist.xml; path = Info.plist; sourceTree = "<group>"; };
/* End PBXFileReference section */

/* Begin PBXFrameworksBuildPhase section */
		650DD93C21AC8F0900AEBDD7 /* Frameworks */ = {
			isa = PBXFrameworksBuildPhase;
			buildActionMask = 2147483647;
			files = (
			);
			runOnlyForDeploymentPostprocessing = 0;
		};
/* End PBXFrameworksBuildPhase section */

/* Begin PBXGroup section */
		650DD93621AC8F0900AEBDD7 = {
			isa = PBXGroup;
			children = (
				650DD94121AC8F0900AEBDD7 /* walkMedfordiOS */,
				650DD94021AC8F0900AEBDD7 /* Products */,
			);
			sourceTree = "<group>";
		};
		650DD94021AC8F0900AEBDD7 /* Products */ = {
			isa = PBXGroup;
			children = (
				650DD93F21AC8F0900AEBDD7 /* walkMedfordiOS.app */,
			);
			name = Products;
			sourceTree = "<group>";
		};
		650DD94121AC8F0900AEBDD7 /* walkMedfordiOS */ = {
			isa = PBXGroup;
			children = (
				650DD94221AC8F0900AEBDD7 /* AppDelegate.swift */,
				650DD94421AC8F0900AEBDD7 /* ViewController.swift */,
				650DD94621AC8F0900AEBDD7 /* Main.storyboard */,
				650DD94921AC8F0A00AEBDD7 /* Assets.xcassets */,
				650DD94B21AC8F0A00AEBDD7 /* LaunchScreen.storyboard */,
				650DD94E21AC8F0A00AEBDD7 /* Info.plist */,
			);
			path = walkMedfordiOS;
			sourceTree = "<group>";
		};
/* End PBXGroup section */

/* Begin PBXNativeTarget section */
		650DD93E21AC8F0900AEBDD7 /* walkMedfordiOS */ = {
			isa = PBXNativeTarget;
			buildConfigurationList = 650DD95121AC8F0A00AEBDD7 /* Build configuration list for PBXNativeTarget "walkMedfordiOS" */;
			buildPhases = (
				650DD93B21AC8F0900AEBDD7 /* Sources */,
				650DD93C21AC8F0900AEBDD7 /* Frameworks */,
				650DD93D21AC8F0900AEBDD7 /* Resources */,
			);
			buildRules = (
			);
			dependencies = (
			);
			name = walkMedfordiOS;
			productName = walkMedfordiOS;
			productReference = 650DD93F21AC8F0900AEBDD7 /* walkMedfordiOS.app */;
			productType = "com.apple.product-type.application";
		};
/* End PBXNativeTarget section */

/* Begin PBXProject section */
		650DD93721AC8F0900AEBDD7 /* Project object */ = {
			isa = PBXProject;
			attributes = {
				LastSwiftUpdateCheck = 1010;
				LastUpgradeCheck = 1010;
				ORGANIZATIONNAME = walkMedford;
				TargetAttributes = {
					650DD93E21AC8F0900AEBDD7 = {
						CreatedOnToolsVersion = 10.1;
					};
				};
			};
			buildConfigurationList = 650DD93A21AC8F0900AEBDD7 /* Build configuration list for PBXProject "walkMedfordiOS" */;
			compatibilityVersion = "Xcode 9.3";
			developmentRegion = en;
			hasScannedForEncodings = 0;
			knownRegions = (
				en,
				Base,
			);
			mainGroup = 650DD93621AC8F0900AEBDD7;
			productRefGroup = 650DD94021AC8F0900AEBDD7 /* Products */;
			projectDirPath = "";
			projectRoot = "";
			targets = (
				650DD93E21AC8F0900AEBDD7 /* walkMedfordiOS */,
			);
		};
/* End PBXProject section */

/* Begin PBXResourcesBuildPhase section */
		650DD93D21AC8F0900AEBDD7 /* Resources */ = {
			isa = PBXResourcesBuildPhase;
			buildActionMask = 2147483647;
			files = (
				650DD94D21AC8F0A00AEBDD7 /* LaunchScreen.storyboard in Resources */,
				650DD94A21AC8F0A00AEBDD7 /* Assets.xcassets in Resources */,
				650DD94821AC8F0900AEBDD7 /* Main.storyboard in Resources */,
			);
			runOnlyForDeploymentPostprocessing = 0;
		};
/* End PBXResourcesBuildPhase section */

/* Begin PBXSourcesBuildPhase section */
		650DD93B21AC8F0900AEBDD7 /* Sources */ = {
			isa = PBXSourcesBuildPhase;
			buildActionMask = 2147483647;
			files = (
				650DD94521AC8F0900AEBDD7 /* ViewController.swift in Sources */,
				650DD94321AC8F0900AEBDD7 /* AppDelegate.swift in Sources */,
			);
			runOnlyForDeploymentPostprocessing = 0;
		};
/* End PBXSourcesBuildPhase section */

/* Begin PBXVariantGroup section */
		650DD94621AC8F0900AEBDD7 /* Main.storyboard */ = {
			isa = PBXVariantGroup;
			children = (
				650DD94721AC8F0900AEBDD7 /* Base */,
			);
			name = Main.storyboard;
			sourceTree = "<group>";
		};
		650DD94B21AC8F0A00AEBDD7 /* LaunchScreen.storyboard */ = {
			isa = PBXVariantGroup;
			children = (
				650DD94C21AC8F0A00AEBDD7 /* Base */,
			);
			name = LaunchScreen.storyboard;
			sourceTree = "<group>";
		};
/* End PBXVariantGroup section */

/* Begin XCBuildConfiguration section */
		650DD94F21AC8F0A00AEBDD7 /* Debug */ = {
			isa = XCBuildConfiguration;
			buildSettings = {
				ALWAYS_SEARCH_USER_PATHS = NO;
				CLANG_ANALYZER_NONNULL = YES;
				CLANG_ANALYZER_NUMBER_OBJECT_CONVERSION = YES_AGGRESSIVE;
				CLANG_CXX_LANGUAGE_STANDARD = "gnu++14";
				CLANG_CXX_LIBRARY = "libc++";
				CLANG_ENABLE_MODULES = YES;
				CLANG_ENABLE_OBJC_ARC = YES;
				CLANG_ENABLE_OBJC_WEAK = YES;
				CLANG_WARN_BLOCK_CAPTURE_AUTORELEASING = YES;
				CLANG_WARN_BOOL_CONVERSION = YES;
				CLANG_WARN_COMMA = YES;
				CLANG_WARN_CONSTANT_CONVERSION = YES;
				CLANG_WARN_DEPRECATED_OBJC_IMPLEMENTATIONS = YES;
				CLANG_WARN_DIRECT_OBJC_ISA_USAGE = YES_ERROR;
				CLANG_WARN_DOCUMENTATION_COMMENTS = YES;
				CLANG_WARN_EMPTY_BODY = YES;
				CLANG_WARN_ENUM_CONVERSION = YES;
				CLANG_WARN_INFINITE_RECURSION = YES;
				CLANG_WARN_INT_CONVERSION = YES;
				CLANG_WARN_NON_LITERAL_NULL_CONVERSION = YES;
				CLANG_WARN_OBJC_IMPLICIT_RETAIN_SELF = YES;
				CLANG_WARN_OBJC_LITERAL_CONVERSION = YES;
				CLANG_WARN_OBJC_ROOT_CLASS = YES_ERROR;
				CLANG_WARN_RANGE_LOOP_ANALYSIS = YES;
				CLANG_WARN_STRICT_PROTOTYPES = YES;
				CLANG_WARN_SUSPICIOUS_MOVE = YES;
				CLANG_WARN_UNGUARDED_AVAILABILITY = YES_AGGRESSIVE;
				CLANG_WARN_UNREACHABLE_CODE = YES;
				CLANG_WARN__DUPLICATE_METHOD_MATCH = YES;
				CODE_SIGN_IDENTITY = "iPhone Developer";
				COPY_PHASE_STRIP = NO;
				DEBUG_INFORMATION_FORMAT = dwarf;
				ENABLE_STRICT_OBJC_MSGSEND = YES;
				ENABLE_TESTABILITY = YES;
				GCC_C_LANGUAGE_STANDARD = gnu11;
				GCC_DYNAMIC_NO_PIC = NO;
				GCC_NO_COMMON_BLOCKS = YES;
				GCC_OPTIMIZATION_LEVEL = 0;
				GCC_PREPROCESSOR_DEFINITIONS = (
					"DEBUG=1",
					"$(inherited)",
				);
				GCC_WARN_64_TO_32_BIT_CONVERSION = YES;
				GCC_WARN_ABOUT_RETURN_TYPE = YES_ERROR;
				GCC_WARN_UNDECLARED_SELECTOR = YES;
				GCC_WARN_UNINITIALIZED_AUTOS = YES_AGGRESSIVE;
				GCC_WARN_UNUSED_FUNCTION = YES;
				GCC_WARN_UNUSED_VARIABLE = YES;
				IPHONEOS_DEPLOYMENT_TARGET = 12.1;
				MTL_ENABLE_DEBUG_INFO = INCLUDE_SOURCE;
				MTL_FAST_MATH = YES;
				ONLY_ACTIVE_ARCH = YES;
				SDKROOT = iphoneos;
				SWIFT_ACTIVE_COMPILATION_CONDITIONS = DEBUG;
				SWIFT_OPTIMIZATION_LEVEL = "-Onone";
			};
			name = Debug;
		};
		650DD95021AC8F0A00AEBDD7 /* Release */ = {
			isa = XCBuildConfiguration;
			buildSettings = {
				ALWAYS_SEARCH_USER_PATHS = NO;
				CLANG_ANALYZER_NONNULL = YES;
				CLANG_ANALYZER_NUMBER_OBJECT_CONVERSION = YES_AGGRESSIVE;
				CLANG_CXX_LANGUAGE_STANDARD = "gnu++14";
				CLANG_CXX_LIBRARY = "libc++";
				CLANG_ENABLE_MODULES = YES;
				CLANG_ENABLE_OBJC_ARC = YES;
				CLANG_ENABLE_OBJC_WEAK = YES;
				CLANG_WARN_BLOCK_CAPTURE_AUTORELEASING = YES;
				CLANG_WARN_BOOL_CONVERSION = YES;
				CLANG_WARN_COMMA = YES;
				CLANG_WARN_CONSTANT_CONVERSION = YES;
				CLANG_WARN_DEPRECATED_OBJC_IMPLEMENTATIONS = YES;
				CLANG_WARN_DIRECT_OBJC_ISA_USAGE = YES_ERROR;
				CLANG_WARN_DOCUMENTATION_COMMENTS = YES;
				CLANG_WARN_EMPTY_BODY = YES;
				CLANG_WARN_ENUM_CONVERSION = YES;
				CLANG_WARN_INFINITE_RECURSION = YES;
				CLANG_WARN_INT_CONVERSION = YES;
				CLANG_WARN_NON_LITERAL_NULL_CONVERSION = YES;
				CLANG_WARN_OBJC_IMPLICIT_RETAIN_SELF = YES;
				CLANG_WARN_OBJC_LITERAL_CONVERSION = YES;
				CLANG_WARN_OBJC_ROOT_CLASS = YES_ERROR;
				CLANG_WARN_RANGE_LOOP_ANALYSIS = YES;
				CLANG_WARN_STRICT_PROTOTYPES = YES;
				CLANG_WARN_SUSPICIOUS_MOVE = YES;
				CLANG_WARN_UNGUARDED_AVAILABILITY = YES_AGGRESSIVE;
				CLANG_WARN_UNREACHABLE_CODE = YES;
				CLANG_WARN__DUPLICATE_METHOD_MATCH = YES;
				CODE_SIGN_IDENTITY = "iPhone Developer";
				COPY_PHASE_STRIP = NO;
				DEBUG_INFORMATION_FORMAT = "dwarf-with-dsym";
				ENABLE_NS_ASSERTIONS = NO;
				ENABLE_STRICT_OBJC_MSGSEND = YES;
				GCC_C_LANGUAGE_STANDARD = gnu11;
				GCC_NO_COMMON_BLOCKS = YES;
				GCC_WARN_64_TO_32_BIT_CONVERSION = YES;
				GCC_WARN_ABOUT_RETURN_TYPE = YES_ERROR;
				GCC_WARN_UNDECLARED_SELECTOR = YES;
				GCC_WARN_UNINITIALIZED_AUTOS = YES_AGGRESSIVE;
				GCC_WARN_UNUSED_FUNCTION = YES;
				GCC_WARN_UNUSED_VARIABLE = YES;
				IPHONEOS_DEPLOYMENT_TARGET = 12.1;
				MTL_ENABLE_DEBUG_INFO = NO;
				MTL_FAST_MATH = YES;
				SDKROOT = iphoneos;
				SWIFT_COMPILATION_MODE = wholemodule;
				SWIFT_OPTIMIZATION_LEVEL = "-O";
				VALIDATE_PRODUCT = YES;
			};
			name = Release;
		};
		650DD95221AC8F0A00AEBDD7 /* Debug */ = {
			isa = XCBuildConfiguration;
			buildSettings = {
				ASSETCATALOG_COMPILER_APPICON_NAME = AppIcon;
				CODE_SIGN_STYLE = Automatic;
				INFOPLIST_FILE = walkMedfordiOS/Info.plist;
				LD_RUNPATH_SEARCH_PATHS = (
					"$(inherited)",
					"@executable_path/Frameworks",
				);
				PRODUCT_BUNDLE_IDENTIFIER = walkMedford.walkMedfordiOS;
				PRODUCT_NAME = "$(TARGET_NAME)";
				SWIFT_VERSION = 4.2;
				TARGETED_DEVICE_FAMILY = "1,2";
			};
			name = Debug;
		};
		650DD95321AC8F0A00AEBDD7 /* Release */ = {
			isa = XCBuildConfiguration;
			buildSettings = {
				ASSETCATALOG_COMPILER_APPICON_NAME = AppIcon;
				CODE_SIGN_STYLE = Automatic;
				INFOPLIST_FILE = walkMedfordiOS/Info.plist;
				LD_RUNPATH_SEARCH_PATHS = (
					"$(inherited)",
					"@executable_path/Frameworks",
				);
				PRODUCT_BUNDLE_IDENTIFIER = walkMedford.walkMedfordiOS;
				PRODUCT_NAME = "$(TARGET_NAME)";
				SWIFT_VERSION = 4.2;
				TARGETED_DEVICE_FAMILY = "1,2";
			};
			name = Release;
		};
/* End XCBuildConfiguration section */

/* Begin XCConfigurationList section */
		650DD93A21AC8F0900AEBDD7 /* Build configuration list for PBXProject "walkMedfordiOS" */ = {
			isa = XCConfigurationList;
			buildConfigurations = (
				650DD94F21AC8F0A00AEBDD7 /* Debug */,
				650DD95021AC8F0A00AEBDD7 /* Release */,
			);
			defaultConfigurationIsVisible = 0;
			defaultConfigurationName = Release;
		};
		650DD95121AC8F0A00AEBDD7 /* Build configuration list for PBXNativeTarget "walkMedfordiOS" */ = {
			isa = XCConfigurationList;
			buildConfigurations = (
				650DD95221AC8F0A00AEBDD7 /* Debug */,
				650DD95321AC8F0A00AEBDD7 /* Release */,
			);
			defaultConfigurationIsVisible = 0;
			defaultConfigurationName = Release;
		};
/* End XCConfigurationList section */
	};
	rootObject = 650DD93721AC8F0900AEBDD7 /* Project object */;
}
